
Microsoft Visual Studio Solution File, Format Version 12.00
# Visual Studio Version 17
VisualStudioVersion = 17.4.33122.133
MinimumVisualStudioVersion = 10.0.40219.1
Project("{FAE04EC0-301F-11D3-BF4B-00C04F79EFBC}") = "DinnerPoker", "DinnerPoker\DinnerPoker.csproj", "{F24AC656-17BD-44F5-A619-AEECD66542A0}"
EndProject
Global
	GlobalSection(SolutionConfigurationPlatforms) = preSolution
		Debug|Any CPU = Debug|Any CPU
		Release|Any CPU = Release|Any CPU
	EndGlobalSection
	GlobalSection(ProjectConfigurationPlatforms) = postSolution
		{F24AC656-17BD-44F5-A619-AEECD66542A0}.Debug|Any CPU.ActiveCfg = Debug|Any CPU
		{F24AC656-17BD-44F5-A619-AEECD66542A0}.Debug|Any CPU.Build.0 = Debug|Any CPU
		{F24AC656-17BD-44F5-A619-AEECD66542A0}.Release|Any CPU.ActiveCfg = Release|Any CPU
		{F24AC656-17BD-44F5-A619-AEECD66542A0}.Release|Any CPU.Build.0 = Release|Any CPU
	EndGlobalSection
	GlobalSection(SolutionProperties) = preSolution
		HideSolutionNode = FALSE
	EndGlobalSection
	GlobalSection(ExtensibilityGlobals) = postSolution
		SolutionGuid = {8F947A57-F6DC-4FC4-9B0D-3EA1FF59A2DC}
	EndGlobalSection
EndGlobal
